
Microsoft Visual Studio Solution File, Format Version 12.00
# Visual Studio Version 17
VisualStudioVersion = 17.10.35013.160
MinimumVisualStudioVersion = 10.0.40219.1
Project("{FAE04EC0-301F-11D3-BF4B-00C04F79EFBC}") = "EmployeeAPI", "EmployeeAPI\EmployeeAPI.csproj", "{18C3F3A4-F517-48DB-B347-DC24EE35DBD6}"
EndProject
Global
	GlobalSection(SolutionConfigurationPlatforms) = preSolution
		Debug|Any CPU = Debug|Any CPU
		Release|Any CPU = Release|Any CPU
	EndGlobalSection
	GlobalSection(ProjectConfigurationPlatforms) = postSolution
		{18C3F3A4-F517-48DB-B347-DC24EE35DBD6}.Debug|Any CPU.ActiveCfg = Debug|Any CPU
		{18C3F3A4-F517-48DB-B347-DC24EE35DBD6}.Debug|Any CPU.Build.0 = Debug|Any CPU
		{18C3F3A4-F517-48DB-B347-DC24EE35DBD6}.Release|Any CPU.ActiveCfg = Release|Any CPU
		{18C3F3A4-F517-48DB-B347-DC24EE35DBD6}.Release|Any CPU.Build.0 = Release|Any CPU
	EndGlobalSection
	GlobalSection(SolutionProperties) = preSolution
		HideSolutionNode = FALSE
	EndGlobalSection
	GlobalSection(ExtensibilityGlobals) = postSolution
		SolutionGuid = {2E9DE5AA-F98B-43CA-B58A-0BF7E1336802}
	EndGlobalSection
EndGlobal
